
Microsoft Visual Studio Solution File, Format Version 12.00
# Visual Studio Version 16
VisualStudioVersion = 16.0.31624.102
MinimumVisualStudioVersion = 10.0.40219.1
Project("{9A19103F-16F7-4668-BE54-9A1E7A4F7556}") = "Ejercicio_clase", "Ejercicio_01\Ejercicio_clase.csproj", "{6509E9C9-0C4D-4B68-941D-028B3C88C92A}"
EndProject
Project("{9A19103F-16F7-4668-BE54-9A1E7A4F7556}") = "EjercicioGatoVeterinario", "EjercicioGatoVeterinario\EjercicioGatoVeterinario.csproj", "{EF2363FF-4AC2-4C53-9AF3-AE529BF23FA7}"
EndProject
Project("{9A19103F-16F7-4668-BE54-9A1E7A4F7556}") = "Ejercicios_01", "Ejercicios_01\Ejercicios_01.csproj", "{D5E5C9C3-5C0F-4D1A-A5FB-468ECDEA2FDB}"
EndProject
Project("{9A19103F-16F7-4668-BE54-9A1E7A4F7556}") = "Ejercicios_02", "Ejercicios_02\Ejercicios_02.csproj", "{B856F7E1-F09B-4C56-9CEA-47B1773A62F9}"
EndProject
Project("{9A19103F-16F7-4668-BE54-9A1E7A4F7556}") = "Ejercicios_03", "Ejercicios_03\Ejercicios_03.csproj", "{6C0DE6C9-15FD-46F2-8DEB-9E4CD28C02E4}"
EndProject
Project("{9A19103F-16F7-4668-BE54-9A1E7A4F7556}") = "Ejercicios_04", "Ejercicios_04\Ejercicios_04.csproj", "{E7357703-77CD-4673-AB0B-85903D93438C}"
EndProject
Project("{9A19103F-16F7-4668-BE54-9A1E7A4F7556}") = "Clase_03_30_08", "Clase_03_30_08\Clase_03_30_08.csproj", "{CB119EAF-BE95-476D-90A3-D8F77CB3ABED}"
EndProject
Project("{9A19103F-16F7-4668-BE54-9A1E7A4F7556}") = "LaCalculadora", "LaCalculadora\LaCalculadora.csproj", "{3A46D607-1921-4015-AC17-8DAC241BB739}"
EndProject
Project("{9A19103F-16F7-4668-BE54-9A1E7A4F7556}") = "ConversorBinarioRecargado", "ConversorBinarioRecargado\ConversorBinarioRecargado.csproj", "{103A4B63-685E-4A5E-B926-C3FA7037C2C1}"
EndProject
Project("{9A19103F-16F7-4668-BE54-9A1E7A4F7556}") = "Clase_04_Sobrecarga", "Clase_04_Sobrecarga\Clase_04_Sobrecarga.csproj", "{B57A2793-FA0D-4D7E-95D9-4A42C2C04ED3}"
EndProject
Project("{2150E333-8FDC-42A3-9474-1A3956D46DE8}") = "Clases", "Clases", "{5B024A55-F178-4F85-90C9-6CB957728889}"
EndProject
Project("{2150E333-8FDC-42A3-9474-1A3956D46DE8}") = "Ejercicios clases", "Ejercicios clases", "{7959192A-9EAD-41D5-A862-C542C670BBBA}"
EndProject
Project("{9A19103F-16F7-4668-BE54-9A1E7A4F7556}") = "EjercicioHeroe", "EjercicioHeroe\EjercicioHeroe.csproj", "{18680050-49D1-4B66-9DCE-C572157E9D5D}"
EndProject
Project("{9A19103F-16F7-4668-BE54-9A1E7A4F7556}") = "HeroeApp", "Clase1_Form\HeroeApp.csproj", "{C473853C-6F8C-4D16-8090-78FE0E82A244}"
EndProject
Project("{FAE04EC0-301F-11D3-BF4B-00C04F79EFBC}") = "ClassLibrary1", "ClassLibrary1\ClassLibrary1.csproj", "{2EF32C7E-7BF5-4C52-AF4E-493698A56291}"
EndProject
Project("{2150E333-8FDC-42A3-9474-1A3956D46DE8}") = "Form_Clase1", "Form_Clase1", "{BF65865F-8229-4457-B5DC-EBBECC35EB12}"
EndProject
Global
	GlobalSection(SolutionConfigurationPlatforms) = preSolution
		Debug|Any CPU = Debug|Any CPU
		Release|Any CPU = Release|Any CPU
	EndGlobalSection
	GlobalSection(ProjectConfigurationPlatforms) = postSolution
		{6509E9C9-0C4D-4B68-941D-028B3C88C92A}.Debug|Any CPU.ActiveCfg = Debug|Any CPU
		{6509E9C9-0C4D-4B68-941D-028B3C88C92A}.Debug|Any CPU.Build.0 = Debug|Any CPU
		{6509E9C9-0C4D-4B68-941D-028B3C88C92A}.Release|Any CPU.ActiveCfg = Release|Any CPU
		{6509E9C9-0C4D-4B68-941D-028B3C88C92A}.Release|Any CPU.Build.0 = Release|Any CPU
		{EF2363FF-4AC2-4C53-9AF3-AE529BF23FA7}.Debug|Any CPU.ActiveCfg = Debug|Any CPU
		{EF2363FF-4AC2-4C53-9AF3-AE529BF23FA7}.Debug|Any CPU.Build.0 = Debug|Any CPU
		{EF2363FF-4AC2-4C53-9AF3-AE529BF23FA7}.Release|Any CPU.ActiveCfg = Release|Any CPU
		{EF2363FF-4AC2-4C53-9AF3-AE529BF23FA7}.Release|Any CPU.Build.0 = Release|Any CPU
		{D5E5C9C3-5C0F-4D1A-A5FB-468ECDEA2FDB}.Debug|Any CPU.ActiveCfg = Debug|Any CPU
		{D5E5C9C3-5C0F-4D1A-A5FB-468ECDEA2FDB}.Debug|Any CPU.Build.0 = Debug|Any CPU
		{D5E5C9C3-5C0F-4D1A-A5FB-468ECDEA2FDB}.Release|Any CPU.ActiveCfg = Release|Any CPU
		{D5E5C9C3-5C0F-4D1A-A5FB-468ECDEA2FDB}.Release|Any CPU.Build.0 = Release|Any CPU
		{B856F7E1-F09B-4C56-9CEA-47B1773A62F9}.Debug|Any CPU.ActiveCfg = Debug|Any CPU
		{B856F7E1-F09B-4C56-9CEA-47B1773A62F9}.Debug|Any CPU.Build.0 = Debug|Any CPU
		{B856F7E1-F09B-4C56-9CEA-47B1773A62F9}.Release|Any CPU.ActiveCfg = Release|Any CPU
		{B856F7E1-F09B-4C56-9CEA-47B1773A62F9}.Release|Any CPU.Build.0 = Release|Any CPU
		{6C0DE6C9-15FD-46F2-8DEB-9E4CD28C02E4}.Debug|Any CPU.ActiveCfg = Debug|Any CPU
		{6C0DE6C9-15FD-46F2-8DEB-9E4CD28C02E4}.Debug|Any CPU.Build.0 = Debug|Any CPU
		{6C0DE6C9-15FD-46F2-8DEB-9E4CD28C02E4}.Release|Any CPU.ActiveCfg = Release|Any CPU
		{6C0DE6C9-15FD-46F2-8DEB-9E4CD28C02E4}.Release|Any CPU.Build.0 = Release|Any CPU
		{E7357703-77CD-4673-AB0B-85903D93438C}.Debug|Any CPU.ActiveCfg = Debug|Any CPU
		{E7357703-77CD-4673-AB0B-85903D93438C}.Debug|Any CPU.Build.0 = Debug|Any CPU
		{E7357703-77CD-4673-AB0B-85903D93438C}.Release|Any CPU.ActiveCfg = Release|Any CPU
		{E7357703-77CD-4673-AB0B-85903D93438C}.Release|Any CPU.Build.0 = Release|Any CPU
		{CB119EAF-BE95-476D-90A3-D8F77CB3ABED}.Debug|Any CPU.ActiveCfg = Debug|Any CPU
		{CB119EAF-BE95-476D-90A3-D8F77CB3ABED}.Debug|Any CPU.Build.0 = Debug|Any CPU
		{CB119EAF-BE95-476D-90A3-D8F77CB3ABED}.Release|Any CPU.ActiveCfg = Release|Any CPU
		{CB119EAF-BE95-476D-90A3-D8F77CB3ABED}.Release|Any CPU.Build.0 = Release|Any CPU
		{3A46D607-1921-4015-AC17-8DAC241BB739}.Debug|Any CPU.ActiveCfg = Debug|Any CPU
		{3A46D607-1921-4015-AC17-8DAC241BB739}.Debug|Any CPU.Build.0 = Debug|Any CPU
		{3A46D607-1921-4015-AC17-8DAC241BB739}.Release|Any CPU.ActiveCfg = Release|Any CPU
		{3A46D607-1921-4015-AC17-8DAC241BB739}.Release|Any CPU.Build.0 = Release|Any CPU
		{103A4B63-685E-4A5E-B926-C3FA7037C2C1}.Debug|Any CPU.ActiveCfg = Debug|Any CPU
		{103A4B63-685E-4A5E-B926-C3FA7037C2C1}.Debug|Any CPU.Build.0 = Debug|Any CPU
		{103A4B63-685E-4A5E-B926-C3FA7037C2C1}.Release|Any CPU.ActiveCfg = Release|Any CPU
		{103A4B63-685E-4A5E-B926-C3FA7037C2C1}.Release|Any CPU.Build.0 = Release|Any CPU
		{B57A2793-FA0D-4D7E-95D9-4A42C2C04ED3}.Debug|Any CPU.ActiveCfg = Debug|Any CPU
		{B57A2793-FA0D-4D7E-95D9-4A42C2C04ED3}.Debug|Any CPU.Build.0 = Debug|Any CPU
		{B57A2793-FA0D-4D7E-95D9-4A42C2C04ED3}.Release|Any CPU.ActiveCfg = Release|Any CPU
		{B57A2793-FA0D-4D7E-95D9-4A42C2C04ED3}.Release|Any CPU.Build.0 = Release|Any CPU
		{18680050-49D1-4B66-9DCE-C572157E9D5D}.Debug|Any CPU.ActiveCfg = Debug|Any CPU
		{18680050-49D1-4B66-9DCE-C572157E9D5D}.Debug|Any CPU.Build.0 = Debug|Any CPU
		{18680050-49D1-4B66-9DCE-C572157E9D5D}.Release|Any CPU.ActiveCfg = Release|Any CPU
		{18680050-49D1-4B66-9DCE-C572157E9D5D}.Release|Any CPU.Build.0 = Release|Any CPU
		{C473853C-6F8C-4D16-8090-78FE0E82A244}.Debug|Any CPU.ActiveCfg = Debug|Any CPU
		{C473853C-6F8C-4D16-8090-78FE0E82A244}.Debug|Any CPU.Build.0 = Debug|Any CPU
		{C473853C-6F8C-4D16-8090-78FE0E82A244}.Release|Any CPU.ActiveCfg = Release|Any CPU
		{C473853C-6F8C-4D16-8090-78FE0E82A244}.Release|Any CPU.Build.0 = Release|Any CPU
		{2EF32C7E-7BF5-4C52-AF4E-493698A56291}.Debug|Any CPU.ActiveCfg = Debug|Any CPU
		{2EF32C7E-7BF5-4C52-AF4E-493698A56291}.Debug|Any CPU.Build.0 = Debug|Any CPU
		{2EF32C7E-7BF5-4C52-AF4E-493698A56291}.Release|Any CPU.ActiveCfg = Release|Any CPU
		{2EF32C7E-7BF5-4C52-AF4E-493698A56291}.Release|Any CPU.Build.0 = Release|Any CPU
	EndGlobalSection
	GlobalSection(SolutionProperties) = preSolution
		HideSolutionNode = FALSE
	EndGlobalSection
	GlobalSection(NestedProjects) = preSolution
		{6509E9C9-0C4D-4B68-941D-028B3C88C92A} = {7959192A-9EAD-41D5-A862-C542C670BBBA}
		{EF2363FF-4AC2-4C53-9AF3-AE529BF23FA7} = {7959192A-9EAD-41D5-A862-C542C670BBBA}
		{D5E5C9C3-5C0F-4D1A-A5FB-468ECDEA2FDB} = {7959192A-9EAD-41D5-A862-C542C670BBBA}
		{B856F7E1-F09B-4C56-9CEA-47B1773A62F9} = {7959192A-9EAD-41D5-A862-C542C670BBBA}
		{6C0DE6C9-15FD-46F2-8DEB-9E4CD28C02E4} = {7959192A-9EAD-41D5-A862-C542C670BBBA}
		{E7357703-77CD-4673-AB0B-85903D93438C} = {7959192A-9EAD-41D5-A862-C542C670BBBA}
		{CB119EAF-BE95-476D-90A3-D8F77CB3ABED} = {5B024A55-F178-4F85-90C9-6CB957728889}
		{3A46D607-1921-4015-AC17-8DAC241BB739} = {7959192A-9EAD-41D5-A862-C542C670BBBA}
		{103A4B63-685E-4A5E-B926-C3FA7037C2C1} = {7959192A-9EAD-41D5-A862-C542C670BBBA}
		{B57A2793-FA0D-4D7E-95D9-4A42C2C04ED3} = {5B024A55-F178-4F85-90C9-6CB957728889}
		{18680050-49D1-4B66-9DCE-C572157E9D5D} = {7959192A-9EAD-41D5-A862-C542C670BBBA}
		{C473853C-6F8C-4D16-8090-78FE0E82A244} = {BF65865F-8229-4457-B5DC-EBBECC35EB12}
		{2EF32C7E-7BF5-4C52-AF4E-493698A56291} = {BF65865F-8229-4457-B5DC-EBBECC35EB12}
	EndGlobalSection
	GlobalSection(ExtensibilityGlobals) = postSolution
		SolutionGuid = {AF8B5319-667F-4BE0-ACAA-DBE8CB3C6ECA}
	EndGlobalSection
EndGlobal
