
Microsoft Visual Studio Solution File, Format Version 12.00
# Visual Studio Version 16
VisualStudioVersion = 16.0.31624.102
MinimumVisualStudioVersion = 10.0.40219.1
Project("{FAE04EC0-301F-11D3-BF4B-00C04F79EFBC}") = "Ejercicio_38", "Ejercicio_38\Ejercicio_38.csproj", "{1E8CAA69-AA58-418E-95A2-8963BD173B39}"
EndProject
Project("{FAE04EC0-301F-11D3-BF4B-00C04F79EFBC}") = "Entidades", "Entidades\Entidades.csproj", "{6067ECD1-990F-48AB-A89C-177B8947E8AE}"
EndProject
Global
	GlobalSection(SolutionConfigurationPlatforms) = preSolution
		Debug|Any CPU = Debug|Any CPU
		Release|Any CPU = Release|Any CPU
	EndGlobalSection
	GlobalSection(ProjectConfigurationPlatforms) = postSolution
		{1E8CAA69-AA58-418E-95A2-8963BD173B39}.Debug|Any CPU.ActiveCfg = Debug|Any CPU
		{1E8CAA69-AA58-418E-95A2-8963BD173B39}.Debug|Any CPU.Build.0 = Debug|Any CPU
		{1E8CAA69-AA58-418E-95A2-8963BD173B39}.Release|Any CPU.ActiveCfg = Release|Any CPU
		{1E8CAA69-AA58-418E-95A2-8963BD173B39}.Release|Any CPU.Build.0 = Release|Any CPU
		{6067ECD1-990F-48AB-A89C-177B8947E8AE}.Debug|Any CPU.ActiveCfg = Debug|Any CPU
		{6067ECD1-990F-48AB-A89C-177B8947E8AE}.Debug|Any CPU.Build.0 = Debug|Any CPU
		{6067ECD1-990F-48AB-A89C-177B8947E8AE}.Release|Any CPU.ActiveCfg = Release|Any CPU
		{6067ECD1-990F-48AB-A89C-177B8947E8AE}.Release|Any CPU.Build.0 = Release|Any CPU
	EndGlobalSection
	GlobalSection(SolutionProperties) = preSolution
		HideSolutionNode = FALSE
	EndGlobalSection
	GlobalSection(ExtensibilityGlobals) = postSolution
		SolutionGuid = {6501A0BD-A424-4173-A72D-3C81CFEE72E1}
	EndGlobalSection
EndGlobal
