
Microsoft Visual Studio Solution File, Format Version 12.00
# Visual Studio Version 16
VisualStudioVersion = 16.0.31729.503
MinimumVisualStudioVersion = 10.0.40219.1
Project("{FAE04EC0-301F-11D3-BF4B-00C04F79EFBC}") = "EventosDelegados", "EventosDelegados\EventosDelegados.csproj", "{B73BD130-8BE2-49B0-8ACE-B21D833901D6}"
EndProject
Global
	GlobalSection(SolutionConfigurationPlatforms) = preSolution
		Debug|Any CPU = Debug|Any CPU
		Release|Any CPU = Release|Any CPU
	EndGlobalSection
	GlobalSection(ProjectConfigurationPlatforms) = postSolution
		{B73BD130-8BE2-49B0-8ACE-B21D833901D6}.Debug|Any CPU.ActiveCfg = Debug|Any CPU
		{B73BD130-8BE2-49B0-8ACE-B21D833901D6}.Debug|Any CPU.Build.0 = Debug|Any CPU
		{B73BD130-8BE2-49B0-8ACE-B21D833901D6}.Release|Any CPU.ActiveCfg = Release|Any CPU
		{B73BD130-8BE2-49B0-8ACE-B21D833901D6}.Release|Any CPU.Build.0 = Release|Any CPU
	EndGlobalSection
	GlobalSection(SolutionProperties) = preSolution
		HideSolutionNode = FALSE
	EndGlobalSection
	GlobalSection(ExtensibilityGlobals) = postSolution
		SolutionGuid = {6ECE6617-2807-42AE-A375-FDE33BBB1E03}
	EndGlobalSection
EndGlobal
