
Microsoft Visual Studio Solution File, Format Version 12.00
# Visual Studio Version 16
VisualStudioVersion = 16.0.31702.278
MinimumVisualStudioVersion = 10.0.40219.1
Project("{FAE04EC0-301F-11D3-BF4B-00C04F79EFBC}") = "EjemploEventos", "EjemploEventos\EjemploEventos.csproj", "{62FBDB05-2579-42F6-AD09-72509BE68F7F}"
EndProject
Global
	GlobalSection(SolutionConfigurationPlatforms) = preSolution
		Debug|Any CPU = Debug|Any CPU
		Release|Any CPU = Release|Any CPU
	EndGlobalSection
	GlobalSection(ProjectConfigurationPlatforms) = postSolution
		{62FBDB05-2579-42F6-AD09-72509BE68F7F}.Debug|Any CPU.ActiveCfg = Debug|Any CPU
		{62FBDB05-2579-42F6-AD09-72509BE68F7F}.Debug|Any CPU.Build.0 = Debug|Any CPU
		{62FBDB05-2579-42F6-AD09-72509BE68F7F}.Release|Any CPU.ActiveCfg = Release|Any CPU
		{62FBDB05-2579-42F6-AD09-72509BE68F7F}.Release|Any CPU.Build.0 = Release|Any CPU
	EndGlobalSection
	GlobalSection(SolutionProperties) = preSolution
		HideSolutionNode = FALSE
	EndGlobalSection
	GlobalSection(ExtensibilityGlobals) = postSolution
		SolutionGuid = {1F8795D7-683F-4815-8BC5-E52505A1E098}
	EndGlobalSection
EndGlobal
