
Microsoft Visual Studio Solution File, Format Version 12.00
# Visual Studio Version 17
VisualStudioVersion = 17.0.31808.319
MinimumVisualStudioVersion = 10.0.40219.1
Project("{FAE04EC0-301F-11D3-BF4B-00C04F79EFBC}") = "PruebaGenerics", "PruebaGenerics\PruebaGenerics.csproj", "{03BA0075-5780-4A56-B0FB-DFF2AEFBAD53}"
EndProject
Project("{FAE04EC0-301F-11D3-BF4B-00C04F79EFBC}") = "Entidades", "Entidades\Entidades.csproj", "{39DCF5A8-F857-4CE8-BF8F-A2D899804AE9}"
EndProject
Global
	GlobalSection(SolutionConfigurationPlatforms) = preSolution
		Debug|Any CPU = Debug|Any CPU
		Release|Any CPU = Release|Any CPU
	EndGlobalSection
	GlobalSection(ProjectConfigurationPlatforms) = postSolution
		{03BA0075-5780-4A56-B0FB-DFF2AEFBAD53}.Debug|Any CPU.ActiveCfg = Debug|Any CPU
		{03BA0075-5780-4A56-B0FB-DFF2AEFBAD53}.Debug|Any CPU.Build.0 = Debug|Any CPU
		{03BA0075-5780-4A56-B0FB-DFF2AEFBAD53}.Release|Any CPU.ActiveCfg = Release|Any CPU
		{03BA0075-5780-4A56-B0FB-DFF2AEFBAD53}.Release|Any CPU.Build.0 = Release|Any CPU
		{39DCF5A8-F857-4CE8-BF8F-A2D899804AE9}.Debug|Any CPU.ActiveCfg = Debug|Any CPU
		{39DCF5A8-F857-4CE8-BF8F-A2D899804AE9}.Debug|Any CPU.Build.0 = Debug|Any CPU
		{39DCF5A8-F857-4CE8-BF8F-A2D899804AE9}.Release|Any CPU.ActiveCfg = Release|Any CPU
		{39DCF5A8-F857-4CE8-BF8F-A2D899804AE9}.Release|Any CPU.Build.0 = Release|Any CPU
	EndGlobalSection
	GlobalSection(SolutionProperties) = preSolution
		HideSolutionNode = FALSE
	EndGlobalSection
	GlobalSection(ExtensibilityGlobals) = postSolution
		SolutionGuid = {896F1C48-66B6-4EE1-B6F0-361E92EAC00B}
	EndGlobalSection
EndGlobal
