
Microsoft Visual Studio Solution File, Format Version 12.00
# Visual Studio Version 16
VisualStudioVersion = 16.0.31624.102
MinimumVisualStudioVersion = 10.0.40219.1
Project("{9A19103F-16F7-4668-BE54-9A1E7A4F7556}") = "Ejercicio_01", "Ejercicio_01\Ejercicio_01.csproj", "{F77E9AEB-E7AD-4916-9626-D23B820A2791}"
EndProject
Project("{9A19103F-16F7-4668-BE54-9A1E7A4F7556}") = "Ejercicio_02", "Ejercicio_02\Ejercicio_02.csproj", "{23228CFF-18AB-4E6C-B7AB-B09411D4CBA8}"
EndProject
Project("{9A19103F-16F7-4668-BE54-9A1E7A4F7556}") = "Ejercicio_03", "Ejercicio_03\Ejercicio_03.csproj", "{C306615C-9246-4476-88B5-85B8971179A7}"
EndProject
Project("{9A19103F-16F7-4668-BE54-9A1E7A4F7556}") = "Ejercicio_04", "Ejercicio_04\Ejercicio_04.csproj", "{7B1D2CEB-5561-4A24-98DB-51BCAA3F2997}"
EndProject
Project("{9A19103F-16F7-4668-BE54-9A1E7A4F7556}") = "Ejercicio_05", "Ejercicio_05\Ejercicio_05.csproj", "{17AC0479-FEF6-4902-9B78-49E7A300F89A}"
EndProject
Project("{9A19103F-16F7-4668-BE54-9A1E7A4F7556}") = "Ejercicio_06", "Ejercicio_06\Ejercicio_06.csproj", "{53C65498-251B-46D8-9882-F0DC4BDF13ED}"
EndProject
Project("{9A19103F-16F7-4668-BE54-9A1E7A4F7556}") = "Ejercicio_07", "Ejercicio_07\Ejercicio_07.csproj", "{BAC7E3BB-9A1A-46DA-B1B6-910CC5FBE5B3}"
EndProject
Project("{2150E333-8FDC-42A3-9474-1A3956D46DE8}") = "Ejercicios 1 al 7", "Ejercicios 1 al 7", "{48ABE68D-8EAE-4575-A130-EBA2CFB29B14}"
EndProject
Project("{FAE04EC0-301F-11D3-BF4B-00C04F79EFBC}") = "Ejercicio_19", "Ejercicio_19\Ejercicio_19.csproj", "{D4250608-D61B-4B45-A2EF-171D03DC6291}"
EndProject
Global
	GlobalSection(SolutionConfigurationPlatforms) = preSolution
		Debug|Any CPU = Debug|Any CPU
		Release|Any CPU = Release|Any CPU
	EndGlobalSection
	GlobalSection(ProjectConfigurationPlatforms) = postSolution
		{F77E9AEB-E7AD-4916-9626-D23B820A2791}.Debug|Any CPU.ActiveCfg = Debug|Any CPU
		{F77E9AEB-E7AD-4916-9626-D23B820A2791}.Debug|Any CPU.Build.0 = Debug|Any CPU
		{F77E9AEB-E7AD-4916-9626-D23B820A2791}.Release|Any CPU.ActiveCfg = Release|Any CPU
		{F77E9AEB-E7AD-4916-9626-D23B820A2791}.Release|Any CPU.Build.0 = Release|Any CPU
		{23228CFF-18AB-4E6C-B7AB-B09411D4CBA8}.Debug|Any CPU.ActiveCfg = Debug|Any CPU
		{23228CFF-18AB-4E6C-B7AB-B09411D4CBA8}.Debug|Any CPU.Build.0 = Debug|Any CPU
		{23228CFF-18AB-4E6C-B7AB-B09411D4CBA8}.Release|Any CPU.ActiveCfg = Release|Any CPU
		{23228CFF-18AB-4E6C-B7AB-B09411D4CBA8}.Release|Any CPU.Build.0 = Release|Any CPU
		{C306615C-9246-4476-88B5-85B8971179A7}.Debug|Any CPU.ActiveCfg = Debug|Any CPU
		{C306615C-9246-4476-88B5-85B8971179A7}.Debug|Any CPU.Build.0 = Debug|Any CPU
		{C306615C-9246-4476-88B5-85B8971179A7}.Release|Any CPU.ActiveCfg = Release|Any CPU
		{C306615C-9246-4476-88B5-85B8971179A7}.Release|Any CPU.Build.0 = Release|Any CPU
		{7B1D2CEB-5561-4A24-98DB-51BCAA3F2997}.Debug|Any CPU.ActiveCfg = Debug|Any CPU
		{7B1D2CEB-5561-4A24-98DB-51BCAA3F2997}.Debug|Any CPU.Build.0 = Debug|Any CPU
		{7B1D2CEB-5561-4A24-98DB-51BCAA3F2997}.Release|Any CPU.ActiveCfg = Release|Any CPU
		{7B1D2CEB-5561-4A24-98DB-51BCAA3F2997}.Release|Any CPU.Build.0 = Release|Any CPU
		{17AC0479-FEF6-4902-9B78-49E7A300F89A}.Debug|Any CPU.ActiveCfg = Debug|Any CPU
		{17AC0479-FEF6-4902-9B78-49E7A300F89A}.Debug|Any CPU.Build.0 = Debug|Any CPU
		{17AC0479-FEF6-4902-9B78-49E7A300F89A}.Release|Any CPU.ActiveCfg = Release|Any CPU
		{17AC0479-FEF6-4902-9B78-49E7A300F89A}.Release|Any CPU.Build.0 = Release|Any CPU
		{53C65498-251B-46D8-9882-F0DC4BDF13ED}.Debug|Any CPU.ActiveCfg = Debug|Any CPU
		{53C65498-251B-46D8-9882-F0DC4BDF13ED}.Debug|Any CPU.Build.0 = Debug|Any CPU
		{53C65498-251B-46D8-9882-F0DC4BDF13ED}.Release|Any CPU.ActiveCfg = Release|Any CPU
		{53C65498-251B-46D8-9882-F0DC4BDF13ED}.Release|Any CPU.Build.0 = Release|Any CPU
		{BAC7E3BB-9A1A-46DA-B1B6-910CC5FBE5B3}.Debug|Any CPU.ActiveCfg = Debug|Any CPU
		{BAC7E3BB-9A1A-46DA-B1B6-910CC5FBE5B3}.Debug|Any CPU.Build.0 = Debug|Any CPU
		{BAC7E3BB-9A1A-46DA-B1B6-910CC5FBE5B3}.Release|Any CPU.ActiveCfg = Release|Any CPU
		{BAC7E3BB-9A1A-46DA-B1B6-910CC5FBE5B3}.Release|Any CPU.Build.0 = Release|Any CPU
		{D4250608-D61B-4B45-A2EF-171D03DC6291}.Debug|Any CPU.ActiveCfg = Debug|Any CPU
		{D4250608-D61B-4B45-A2EF-171D03DC6291}.Debug|Any CPU.Build.0 = Debug|Any CPU
		{D4250608-D61B-4B45-A2EF-171D03DC6291}.Release|Any CPU.ActiveCfg = Release|Any CPU
		{D4250608-D61B-4B45-A2EF-171D03DC6291}.Release|Any CPU.Build.0 = Release|Any CPU
	EndGlobalSection
	GlobalSection(SolutionProperties) = preSolution
		HideSolutionNode = FALSE
	EndGlobalSection
	GlobalSection(NestedProjects) = preSolution
		{F77E9AEB-E7AD-4916-9626-D23B820A2791} = {48ABE68D-8EAE-4575-A130-EBA2CFB29B14}
		{23228CFF-18AB-4E6C-B7AB-B09411D4CBA8} = {48ABE68D-8EAE-4575-A130-EBA2CFB29B14}
		{C306615C-9246-4476-88B5-85B8971179A7} = {48ABE68D-8EAE-4575-A130-EBA2CFB29B14}
		{7B1D2CEB-5561-4A24-98DB-51BCAA3F2997} = {48ABE68D-8EAE-4575-A130-EBA2CFB29B14}
		{17AC0479-FEF6-4902-9B78-49E7A300F89A} = {48ABE68D-8EAE-4575-A130-EBA2CFB29B14}
		{53C65498-251B-46D8-9882-F0DC4BDF13ED} = {48ABE68D-8EAE-4575-A130-EBA2CFB29B14}
		{BAC7E3BB-9A1A-46DA-B1B6-910CC5FBE5B3} = {48ABE68D-8EAE-4575-A130-EBA2CFB29B14}
	EndGlobalSection
	GlobalSection(ExtensibilityGlobals) = postSolution
		SolutionGuid = {17CF1286-0DF8-4947-BA3B-81DD44B4EBC6}
	EndGlobalSection
EndGlobal
